
Microsoft Visual Studio Solution File, Format Version 12.00
# Visual Studio Version 17
VisualStudioVersion = 17.3.32929.385
MinimumVisualStudioVersion = 10.0.40219.1
Project("{888888A0-9F3D-457C-B088-3A5042F75D52}") = "QOSsimulation", "QOSsimulation.pyproj", "{03EB48FE-E648-40DE-88A6-CBB97FFD320B}"
EndProject
Global
	GlobalSection(SolutionConfigurationPlatforms) = preSolution
		Debug|Any CPU = Debug|Any CPU
		Release|Any CPU = Release|Any CPU
	EndGlobalSection
	GlobalSection(ProjectConfigurationPlatforms) = postSolution
		{03EB48FE-E648-40DE-88A6-CBB97FFD320B}.Debug|Any CPU.ActiveCfg = Debug|Any CPU
		{03EB48FE-E648-40DE-88A6-CBB97FFD320B}.Release|Any CPU.ActiveCfg = Release|Any CPU
	EndGlobalSection
	GlobalSection(SolutionProperties) = preSolution
		HideSolutionNode = FALSE
	EndGlobalSection
	GlobalSection(ExtensibilityGlobals) = postSolution
		SolutionGuid = {D7B7704A-91EA-43B8-9837-065B04B05D36}
	EndGlobalSection
EndGlobal
